
Microsoft Visual Studio Solution File, Format Version 12.00
# Visual Studio Version 16
VisualStudioVersion = 16.0.29911.84
MinimumVisualStudioVersion = 10.0.40219.1
Project("{9A19103F-16F7-4668-BE54-9A1E7A4F7556}") = "Alschy.LocalizeServer.WebClient", "Alschy.LocalizeServer.WebClient\Alschy.LocalizeServer.WebClient.csproj", "{592E1D76-3C48-479B-8FA2-30AFF2187F17}"
EndProject
Project("{2150E333-8FDC-42A3-9474-1A3956D46DE8}") = "common", "common", "{5F2A8856-8D52-46C0-9A32-DF109307ECF5}"
EndProject
Project("{9A19103F-16F7-4668-BE54-9A1E7A4F7556}") = "Alschy.LocalizeServer.Common.Models", "..\common\Alschy.LocalizeServer.Common.Models\Alschy.LocalizeServer.Common.Models.csproj", "{54EEE964-2C07-41AC-BDCF-99E0A6FA9630}"
EndProject
Project("{9A19103F-16F7-4668-BE54-9A1E7A4F7556}") = "Alschy.LocalizeServer.Common.Services", "..\common\Alschy.LocalizeServer.Common.Services\Alschy.LocalizeServer.Common.Services.csproj", "{5A19B625-9962-4A3E-821E-7D331F0B31A8}"
EndProject
Project("{2150E333-8FDC-42A3-9474-1A3956D46DE8}") = "utils", "utils", "{A4AB7460-42DF-45B0-B424-324588F5E769}"
EndProject
Project("{9A19103F-16F7-4668-BE54-9A1E7A4F7556}") = "Alschy.LocalizeServer.Utils.Caching", "..\utils\Alschy.LocalizeServer.Utils.Caching\Alschy.LocalizeServer.Utils.Caching.csproj", "{2B0E812E-4E53-4108-BBB9-E57659289F28}"
EndProject
Global
	GlobalSection(SolutionConfigurationPlatforms) = preSolution
		Debug|Any CPU = Debug|Any CPU
		Release|Any CPU = Release|Any CPU
	EndGlobalSection
	GlobalSection(ProjectConfigurationPlatforms) = postSolution
		{592E1D76-3C48-479B-8FA2-30AFF2187F17}.Debug|Any CPU.ActiveCfg = Debug|Any CPU
		{592E1D76-3C48-479B-8FA2-30AFF2187F17}.Debug|Any CPU.Build.0 = Debug|Any CPU
		{592E1D76-3C48-479B-8FA2-30AFF2187F17}.Release|Any CPU.ActiveCfg = Release|Any CPU
		{592E1D76-3C48-479B-8FA2-30AFF2187F17}.Release|Any CPU.Build.0 = Release|Any CPU
		{54EEE964-2C07-41AC-BDCF-99E0A6FA9630}.Debug|Any CPU.ActiveCfg = Debug|Any CPU
		{54EEE964-2C07-41AC-BDCF-99E0A6FA9630}.Debug|Any CPU.Build.0 = Debug|Any CPU
		{54EEE964-2C07-41AC-BDCF-99E0A6FA9630}.Release|Any CPU.ActiveCfg = Release|Any CPU
		{54EEE964-2C07-41AC-BDCF-99E0A6FA9630}.Release|Any CPU.Build.0 = Release|Any CPU
		{5A19B625-9962-4A3E-821E-7D331F0B31A8}.Debug|Any CPU.ActiveCfg = Debug|Any CPU
		{5A19B625-9962-4A3E-821E-7D331F0B31A8}.Debug|Any CPU.Build.0 = Debug|Any CPU
		{5A19B625-9962-4A3E-821E-7D331F0B31A8}.Release|Any CPU.ActiveCfg = Release|Any CPU
		{5A19B625-9962-4A3E-821E-7D331F0B31A8}.Release|Any CPU.Build.0 = Release|Any CPU
		{2B0E812E-4E53-4108-BBB9-E57659289F28}.Debug|Any CPU.ActiveCfg = Debug|Any CPU
		{2B0E812E-4E53-4108-BBB9-E57659289F28}.Debug|Any CPU.Build.0 = Debug|Any CPU
		{2B0E812E-4E53-4108-BBB9-E57659289F28}.Release|Any CPU.ActiveCfg = Release|Any CPU
		{2B0E812E-4E53-4108-BBB9-E57659289F28}.Release|Any CPU.Build.0 = Release|Any CPU
	EndGlobalSection
	GlobalSection(SolutionProperties) = preSolution
		HideSolutionNode = FALSE
	EndGlobalSection
	GlobalSection(NestedProjects) = preSolution
		{54EEE964-2C07-41AC-BDCF-99E0A6FA9630} = {5F2A8856-8D52-46C0-9A32-DF109307ECF5}
		{5A19B625-9962-4A3E-821E-7D331F0B31A8} = {5F2A8856-8D52-46C0-9A32-DF109307ECF5}
		{2B0E812E-4E53-4108-BBB9-E57659289F28} = {A4AB7460-42DF-45B0-B424-324588F5E769}
	EndGlobalSection
	GlobalSection(ExtensibilityGlobals) = postSolution
		SolutionGuid = {39CD4008-2344-4A57-8839-5D9036A1CE38}
	EndGlobalSection
EndGlobal
